
Microsoft Visual Studio Solution File, Format Version 12.00
# Visual Studio Version 17
VisualStudioVersion = 17.7.34009.444
MinimumVisualStudioVersion = 10.0.40219.1
Project("{FAE04EC0-301F-11D3-BF4B-00C04F79EFBC}") = "External API Calling", "External API Calling.csproj", "{446B42C4-FCE2-461F-8FB5-74D1F99758F9}"
EndProject
Global
	GlobalSection(SolutionConfigurationPlatforms) = preSolution
		Debug|Any CPU = Debug|Any CPU
		Release|Any CPU = Release|Any CPU
	EndGlobalSection
	GlobalSection(ProjectConfigurationPlatforms) = postSolution
		{446B42C4-FCE2-461F-8FB5-74D1F99758F9}.Debug|Any CPU.ActiveCfg = Debug|Any CPU
		{446B42C4-FCE2-461F-8FB5-74D1F99758F9}.Debug|Any CPU.Build.0 = Debug|Any CPU
		{446B42C4-FCE2-461F-8FB5-74D1F99758F9}.Release|Any CPU.ActiveCfg = Release|Any CPU
		{446B42C4-FCE2-461F-8FB5-74D1F99758F9}.Release|Any CPU.Build.0 = Release|Any CPU
	EndGlobalSection
	GlobalSection(SolutionProperties) = preSolution
		HideSolutionNode = FALSE
	EndGlobalSection
	GlobalSection(ExtensibilityGlobals) = postSolution
		SolutionGuid = {952CA593-C07E-466A-B7F0-3923B65CAEDB}
	EndGlobalSection
EndGlobal
